
Microsoft Visual Studio Solution File, Format Version 12.00
# Visual Studio Version 16
VisualStudioVersion = 16.0.32126.315
MinimumVisualStudioVersion = 10.0.40219.1
Project("{FAE04EC0-301F-11D3-BF4B-00C04F79EFBC}") = "U21478377_HW03", "U21478377_HW03\U21478377_HW03.csproj", "{422A6438-6E5A-4953-B04B-21185DB13E04}"
EndProject
Global
	GlobalSection(SolutionConfigurationPlatforms) = preSolution
		Debug|Any CPU = Debug|Any CPU
		Release|Any CPU = Release|Any CPU
	EndGlobalSection
	GlobalSection(ProjectConfigurationPlatforms) = postSolution
		{422A6438-6E5A-4953-B04B-21185DB13E04}.Debug|Any CPU.ActiveCfg = Debug|Any CPU
		{422A6438-6E5A-4953-B04B-21185DB13E04}.Debug|Any CPU.Build.0 = Debug|Any CPU
		{422A6438-6E5A-4953-B04B-21185DB13E04}.Release|Any CPU.ActiveCfg = Release|Any CPU
		{422A6438-6E5A-4953-B04B-21185DB13E04}.Release|Any CPU.Build.0 = Release|Any CPU
	EndGlobalSection
	GlobalSection(SolutionProperties) = preSolution
		HideSolutionNode = FALSE
	EndGlobalSection
	GlobalSection(ExtensibilityGlobals) = postSolution
		SolutionGuid = {F78EE1CB-5FDE-4171-987A-1869369149CC}
	EndGlobalSection
EndGlobal
